DEPENDENCIES
  pizza
    path: .
    metadata: true

GRAPH
  7-zip (1.0.2)
    windows (>= 1.2.2)
  apt (2.9.2)
  ark (1.2.0)
    build-essential (>= 0.0.0)
    seven_zip (>= 0.0.0)
    windows (>= 0.0.0)
  bluepill (2.4.3)
    rsyslog (>= 2.0)
  build-essential (2.4.0)
    7-zip (>= 0.0.0)
  chef-sugar (3.4.0)
  chef-vault (1.3.3)
  chef_handler (1.4.0)
  compat_resource (12.10.7)
  consul (1.4.3)
    chef-vault (~> 1.3)
    firewall (~> 2.0)
    golang (>= 0.0.0)
    libartifact (~> 1.3)
    nssm (>= 0.0.0)
    poise (~> 2.2)
    poise-service (~> 1.0)
    yum-epel (>= 0.0.0)
  consul_template (0.1.0)
    nssm (~> 1.2)
    poise (~> 2.6)
    poise-service (~> 1.1)
    rubyzip (~> 1.0)
  curl (2.0.3)
  dmg (2.4.0)
  firewall (2.5.2)
    chef-sugar (>= 0.0.0)
  git (4.6.0)
    build-essential (>= 0.0.0)
    dmg (>= 0.0.0)
    windows (>= 0.0.0)
    yum-epel (>= 0.0.0)
  golang (1.7.0)
  homebrew (2.1.0)
    build-essential (>= 2.1.2)
  libarchive (0.6.2)
    apt (>= 2.5)
    yum-epel (~> 0.6)
  libartifact (1.3.4)
    libarchive (~> 0.6)
    poise (~> 2.2)
  newrelic (2.22.3)
    apt (>= 0.0.0)
    curl (>= 0.0.0)
    python (>= 0.0.0)
    yum (~> 3.0)
  nginx (2.7.6)
    apt (~> 2.2)
    bluepill (~> 2.3)
    build-essential (~> 2.0)
    ohai (~> 2.0)
    runit (~> 1.2)
    yum-epel (~> 0.3)
  nodejs (2.4.4)
    apt (>= 0.0.0)
    ark (>= 0.0.0)
    build-essential (>= 0.0.0)
    homebrew (>= 0.0.0)
    yum-epel (>= 0.0.0)
  nssm (1.2.1)
    windows (~> 1.0)
  ohai (2.1.0)
  packagecloud (0.2.5)
  pizza (2.0.6)
    apt (>= 0.0.0)
    consul (>= 0.0.0)
    consul_template (>= 0.0.0)
    golang (~> 1.7.0)
    newrelic (~> 2.22.3)
    nginx (~> 2.7.6)
    nodejs (>= 0.0.0)
    poise-monit (>= 0.0.0)
    rbenv (>= 0.0.0)
    ssh_known_hosts (>= 0.0.0)
    sudo_consul_service (>= 0.0.0)
    td-agent (>= 0.0.0)
    unattended_upgrades (>= 0.0.0)
  poise (2.7.1)
  poise-archive (1.3.0)
    poise (~> 2.6)
  poise-languages (1.4.0)
    poise (~> 2.5)
    poise-archive (~> 1.0)
  poise-monit (1.5.2)
    poise (~> 2.6)
    poise-languages (~> 1.4)
    poise-service (~> 1.1)
  poise-service (1.4.0)
    poise (~> 2.0)
  python (1.4.6)
    build-essential (>= 0.0.0)
    yum-epel (>= 0.0.0)
  rbenv (1.7.1)
    apt (>= 0.0.0)
    build-essential (>= 0.0.0)
    git (>= 0.0.0)
    ohai (>= 1.1)
  rsyslog (4.0.1)
    compat_resource (>= 0.0.0)
  rubyzip (1.3.1)
    poise (~> 2.2)
  runit (1.8.0)
    packagecloud (>= 0.0.0)
    yum-epel (>= 0.0.0)
  seven_zip (2.0.1)
    windows (>= 1.2.2)
  ssh_known_hosts (3.1.0)
  sudo_consul_service (0.0.4)
    consul (~> 1.4.3)
  td-agent (2.2.1)
    apt (>= 0.0.0)
    yum (>= 0.0.0)
  unattended_upgrades (0.3.0)
  windows (1.44.3)
    chef_handler (>= 0.0.0)
  yum (3.11.0)
  yum-epel (0.7.1)
    yum (>= 3.6.3)
